
Microsoft Visual Studio Solution File, Format Version 12.00
# Visual Studio Version 16
VisualStudioVersion = 16.0.31019.35
MinimumVisualStudioVersion = 10.0.40219.1
Project("{FAE04EC0-301F-11D3-BF4B-00C04F79EFBC}") = "Naimul", "Naimul.csproj", "{99AF9E67-0FB1-4627-AB54-51A1CC110699}"
EndProject
Global
	GlobalSection(SolutionConfigurationPlatforms) = preSolution
		Debug|Any CPU = Debug|Any CPU
		Release|Any CPU = Release|Any CPU
	EndGlobalSection
	GlobalSection(ProjectConfigurationPlatforms) = postSolution
		{99AF9E67-0FB1-4627-AB54-51A1CC110699}.Debug|Any CPU.ActiveCfg = Debug|Any CPU
		{99AF9E67-0FB1-4627-AB54-51A1CC110699}.Debug|Any CPU.Build.0 = Debug|Any CPU
		{99AF9E67-0FB1-4627-AB54-51A1CC110699}.Release|Any CPU.ActiveCfg = Release|Any CPU
		{99AF9E67-0FB1-4627-AB54-51A1CC110699}.Release|Any CPU.Build.0 = Release|Any CPU
	EndGlobalSection
	GlobalSection(SolutionProperties) = preSolution
		HideSolutionNode = FALSE
	EndGlobalSection
	GlobalSection(ExtensibilityGlobals) = postSolution
		SolutionGuid = {2A3586C3-CACF-46D3-9E8E-3CC468CA5E41}
	EndGlobalSection
EndGlobal
